{
  "object": {
    "pins": [
      {
        "package": "Gifu",
        "repositoryURL": "https://github.com/kaishin/Gifu.git",
        "state": {
          "branch": null,
          "revision": "46434cd816f035271beb16d80f7bc91381cbd8e4",
          "version": "3.5.1"
        }
      }
    ]
  },
  "version": 1
}
