{
  "object": {
    "pins": [
      {
        "package": "CPXResearch",
        "repositoryURL": "git@github.com:MakeOpinionGmbH/cpx-research-SDK-Ios.git",
        "state": {
          "branch": null,
          "revision": "f68a925e0794ac42a04c5945e2a26d9c672da9f8",
          "version": "0.9.2"
        }
      },
      {
        "package": "Gifu",
        "repositoryURL": "https://github.com/kaishin/Gifu.git",
        "state": {
          "branch": null,
          "revision": "0ffe24744cc3d82ab9edece53670d0352c6d5507",
          "version": "3.3.0"
        }
      }
    ]
  },
  "version": 1
}
