{
  "object": {
    "pins": [
      {
        "package": "CPXResearch",
        "repositoryURL": "git@github.com:MakeOpinionGmbH/cpx-research-SDK-Ios.git",
        "state": {
          "branch": null,
          "revision": "dbdc03e3cb29206604fc8106a38932a9c2deecc7",
          "version": "0.9.0"
        }
      },
      {
        "package": "Gifu",
        "repositoryURL": "https://github.com/kaishin/Gifu.git",
        "state": {
          "branch": null,
          "revision": "0ffe24744cc3d82ab9edece53670d0352c6d5507",
          "version": "3.3.0"
        }
      }
    ]
  },
  "version": 1
}
